{
  "requires": true,
  "lockfileVersion": 1,
  "dependencies": {
    "bootstrap": {
      "version": "3.3.7",
      "resolved": "http://registry.npm.taobao.org/bootstrap/download/bootstrap-3.3.7.tgz",
      "integrity": "sha1-WjiTlFSfIzMIdaOxUGVldPip63E="
    },
    "chosen-js": {
      "version": "1.8.7",
      "resolved": "http://registry.npm.taobao.org/chosen-js/download/chosen-js-1.8.7.tgz",
      "integrity": "sha1-m/pVl/UIHWAv9K6QSvmu8zJlux0="
    },
    "jquery": {
      "version": "3.3.1",
      "resolved": "http://registry.npm.taobao.org/jquery/download/jquery-3.3.1.tgz",
      "integrity": "sha1-lYzinoHJeQ8xvneS311NlfxX+8o="
    }
  }
}
